<?xml version="1.0" encoding="UTF-8" standalone="yes" ?>
<CodeBlocks_project_file>
	<FileVersion major="1" minor="6" />
	<Project>
		<Option title="FG_nagyhazi_felkesz" />
		<Option pch_mode="2" />
		<Option compiler="gcc" />
		<Build>
			<Target title="Debug">
				<Option output="bin/Debug/FG_nagyhazi_felkesz" prefix_auto="1" extension_auto="1" />
				<Option object_output="obj/Debug/" />
				<Option type="1" />
				<Option compiler="gcc" />
				<Compiler>
					<Add option="-g" />
				</Compiler>
			</Target>
			<Target title="Release">
				<Option output="bin/Release/FG_nagyhazi_felkesz" prefix_auto="1" extension_auto="1" />
				<Option object_output="obj/Release/" />
				<Option type="1" />
				<Option compiler="gcc" />
				<Compiler>
					<Add option="-O2" />
				</Compiler>
				<Linker>
					<Add option="-s" />
				</Linker>
			</Target>
		</Build>
		<Compiler>
			<Add option="-Wall" />
		</Compiler>
		<Unit filename="debugmalloc.h" />
		<Unit filename="din_tomb.c">
			<Option compilerVar="CC" />
		</Unit>
		<Unit filename="din_tomb.h" />
		<Unit filename="fajl_io.c">
			<Option compilerVar="CC" />
		</Unit>
		<Unit filename="fajl_io.h" />
		<Unit filename="main.c">
			<Option compilerVar="CC" />
		</Unit>
		<Unit filename="megjelenites.c">
			<Option compilerVar="CC" />
			<Option target="Debug" />
		</Unit>
		<Unit filename="megjelenites.h">
			<Option target="Debug" />
		</Unit>
		<Unit filename="rekord_kezeles.c">
			<Option compilerVar="CC" />
		</Unit>
		<Unit filename="rekord_kezeles.h" />
		<Extensions>
			<lib_finder disable_auto="1" />
		</Extensions>
	</Project>
</CodeBlocks_project_file>
